
Microsoft Visual Studio Solution File, Format Version 12.00
# Visual Studio Version 16
VisualStudioVersion = 16.0.30517.126
MinimumVisualStudioVersion = 10.0.40219.1
Project("{9A19103F-16F7-4668-BE54-9A1E7A4F7556}") = "Personnel.core.Domain", "Personnel.core.Domain\Personnel.core.Domain.csproj", "{BACCD76F-6437-47B6-92DF-A8F135418329}"
EndProject
Project("{9A19103F-16F7-4668-BE54-9A1E7A4F7556}") = "Personnel.Core.Repository", "Personnel.Core.Repository\Personnel.Core.Repository.csproj", "{21A6DFB7-913F-4E30-B04F-65479D778261}"
EndProject
Project("{FAE04EC0-301F-11D3-BF4B-00C04F79EFBC}") = "Personnel.Core.Repository.implementation", "Personnel.Core.Repositort.implementation\Personnel.Core.Repository.implementation.csproj", "{231B48AD-68FB-49E5-9CBE-FB8A9212F4BA}"
EndProject
Project("{FAE04EC0-301F-11D3-BF4B-00C04F79EFBC}") = "Personnel.Core.UnitOfWork", "Personnel.Core.UnitOfWork\Personnel.Core.UnitOfWork.csproj", "{7645A811-252C-4AFD-999F-E31FAAE5776C}"
EndProject
Project("{FAE04EC0-301F-11D3-BF4B-00C04F79EFBC}") = "Personnel.Console.UI", "Personnel.Console.UI\Personnel.Console.UI.csproj", "{A22319C1-C3E5-4D62-B9C8-5FD6EFC03D69}"
EndProject
Global
	GlobalSection(SolutionConfigurationPlatforms) = preSolution
		Debug|Any CPU = Debug|Any CPU
		Release|Any CPU = Release|Any CPU
	EndGlobalSection
	GlobalSection(ProjectConfigurationPlatforms) = postSolution
		{BACCD76F-6437-47B6-92DF-A8F135418329}.Debug|Any CPU.ActiveCfg = Debug|Any CPU
		{BACCD76F-6437-47B6-92DF-A8F135418329}.Debug|Any CPU.Build.0 = Debug|Any CPU
		{BACCD76F-6437-47B6-92DF-A8F135418329}.Release|Any CPU.ActiveCfg = Release|Any CPU
		{BACCD76F-6437-47B6-92DF-A8F135418329}.Release|Any CPU.Build.0 = Release|Any CPU
		{21A6DFB7-913F-4E30-B04F-65479D778261}.Debug|Any CPU.ActiveCfg = Debug|Any CPU
		{21A6DFB7-913F-4E30-B04F-65479D778261}.Debug|Any CPU.Build.0 = Debug|Any CPU
		{21A6DFB7-913F-4E30-B04F-65479D778261}.Release|Any CPU.ActiveCfg = Release|Any CPU
		{21A6DFB7-913F-4E30-B04F-65479D778261}.Release|Any CPU.Build.0 = Release|Any CPU
		{231B48AD-68FB-49E5-9CBE-FB8A9212F4BA}.Debug|Any CPU.ActiveCfg = Debug|Any CPU
		{231B48AD-68FB-49E5-9CBE-FB8A9212F4BA}.Debug|Any CPU.Build.0 = Debug|Any CPU
		{231B48AD-68FB-49E5-9CBE-FB8A9212F4BA}.Release|Any CPU.ActiveCfg = Release|Any CPU
		{231B48AD-68FB-49E5-9CBE-FB8A9212F4BA}.Release|Any CPU.Build.0 = Release|Any CPU
		{7645A811-252C-4AFD-999F-E31FAAE5776C}.Debug|Any CPU.ActiveCfg = Debug|Any CPU
		{7645A811-252C-4AFD-999F-E31FAAE5776C}.Debug|Any CPU.Build.0 = Debug|Any CPU
		{7645A811-252C-4AFD-999F-E31FAAE5776C}.Release|Any CPU.ActiveCfg = Release|Any CPU
		{7645A811-252C-4AFD-999F-E31FAAE5776C}.Release|Any CPU.Build.0 = Release|Any CPU
		{A22319C1-C3E5-4D62-B9C8-5FD6EFC03D69}.Debug|Any CPU.ActiveCfg = Debug|Any CPU
		{A22319C1-C3E5-4D62-B9C8-5FD6EFC03D69}.Debug|Any CPU.Build.0 = Debug|Any CPU
		{A22319C1-C3E5-4D62-B9C8-5FD6EFC03D69}.Release|Any CPU.ActiveCfg = Release|Any CPU
		{A22319C1-C3E5-4D62-B9C8-5FD6EFC03D69}.Release|Any CPU.Build.0 = Release|Any CPU
	EndGlobalSection
	GlobalSection(SolutionProperties) = preSolution
		HideSolutionNode = FALSE
	EndGlobalSection
	GlobalSection(ExtensibilityGlobals) = postSolution
		SolutionGuid = {625E5E39-9C75-4196-BD52-95455522F7A9}
	EndGlobalSection
EndGlobal
